
Microsoft Visual Studio Solution File, Format Version 12.00
# Visual Studio Version 17
VisualStudioVersion = 17.2.32602.215
MinimumVisualStudioVersion = 10.0.40219.1
Project("{8BC9CEB8-8B4A-11D0-8D11-00A0C91BC942}") = "keyGenerator", "keyGenerator\keyGenerator.vcxproj", "{3799825F-7932-4696-91D6-0E70E2964909}"
EndProject
Global
	GlobalSection(SolutionConfigurationPlatforms) = preSolution
		Debug|x64 = Debug|x64
		Debug|x86 = Debug|x86
		Release|x64 = Release|x64
		Release|x86 = Release|x86
	EndGlobalSection
	GlobalSection(ProjectConfigurationPlatforms) = postSolution
		{3799825F-7932-4696-91D6-0E70E2964909}.Debug|x64.ActiveCfg = Debug|x64
		{3799825F-7932-4696-91D6-0E70E2964909}.Debug|x64.Build.0 = Debug|x64
		{3799825F-7932-4696-91D6-0E70E2964909}.Debug|x86.ActiveCfg = Debug|Win32
		{3799825F-7932-4696-91D6-0E70E2964909}.Debug|x86.Build.0 = Debug|Win32
		{3799825F-7932-4696-91D6-0E70E2964909}.Release|x64.ActiveCfg = Release|x64
		{3799825F-7932-4696-91D6-0E70E2964909}.Release|x64.Build.0 = Release|x64
		{3799825F-7932-4696-91D6-0E70E2964909}.Release|x86.ActiveCfg = Release|Win32
		{3799825F-7932-4696-91D6-0E70E2964909}.Release|x86.Build.0 = Release|Win32
	EndGlobalSection
	GlobalSection(SolutionProperties) = preSolution
		HideSolutionNode = FALSE
	EndGlobalSection
	GlobalSection(ExtensibilityGlobals) = postSolution
		SolutionGuid = {5B4BB0D9-EC6C-4878-98E6-0AF3FDC7352B}
	EndGlobalSection
EndGlobal
